
Microsoft Visual Studio Solution File, Format Version 12.00
# Visual Studio 15
VisualStudioVersion = 15.0.28010.2050
MinimumVisualStudioVersion = 10.0.40219.1
Project("{FAE04EC0-301F-11D3-BF4B-00C04F79EFBC}") = "opdracht 4.3", "opdracht 4.3\opdracht 4.3.csproj", "{8E5749BF-10C5-4FE6-86C6-A2D47B8B5C7F}"
EndProject
Project("{FAE04EC0-301F-11D3-BF4B-00C04F79EFBC}") = "opdracht 4.8", "opdracht 4.8\opdracht 4.8.csproj", "{8154E4E1-A5BD-4188-B0FA-22D59B52B346}"
EndProject
Project("{FAE04EC0-301F-11D3-BF4B-00C04F79EFBC}") = "opdracht 4.13", "opdracht 4.13\opdracht 4.13.csproj", "{0E54C9AB-09FF-46B1-BE37-E9FCF903D261}"
EndProject
Global
	GlobalSection(SolutionConfigurationPlatforms) = preSolution
		Debug|Any CPU = Debug|Any CPU
		Release|Any CPU = Release|Any CPU
	EndGlobalSection
	GlobalSection(ProjectConfigurationPlatforms) = postSolution
		{8E5749BF-10C5-4FE6-86C6-A2D47B8B5C7F}.Debug|Any CPU.ActiveCfg = Debug|Any CPU
		{8E5749BF-10C5-4FE6-86C6-A2D47B8B5C7F}.Debug|Any CPU.Build.0 = Debug|Any CPU
		{8E5749BF-10C5-4FE6-86C6-A2D47B8B5C7F}.Release|Any CPU.ActiveCfg = Release|Any CPU
		{8E5749BF-10C5-4FE6-86C6-A2D47B8B5C7F}.Release|Any CPU.Build.0 = Release|Any CPU
		{8154E4E1-A5BD-4188-B0FA-22D59B52B346}.Debug|Any CPU.ActiveCfg = Debug|Any CPU
		{8154E4E1-A5BD-4188-B0FA-22D59B52B346}.Debug|Any CPU.Build.0 = Debug|Any CPU
		{8154E4E1-A5BD-4188-B0FA-22D59B52B346}.Release|Any CPU.ActiveCfg = Release|Any CPU
		{8154E4E1-A5BD-4188-B0FA-22D59B52B346}.Release|Any CPU.Build.0 = Release|Any CPU
		{0E54C9AB-09FF-46B1-BE37-E9FCF903D261}.Debug|Any CPU.ActiveCfg = Debug|Any CPU
		{0E54C9AB-09FF-46B1-BE37-E9FCF903D261}.Debug|Any CPU.Build.0 = Debug|Any CPU
		{0E54C9AB-09FF-46B1-BE37-E9FCF903D261}.Release|Any CPU.ActiveCfg = Release|Any CPU
		{0E54C9AB-09FF-46B1-BE37-E9FCF903D261}.Release|Any CPU.Build.0 = Release|Any CPU
	EndGlobalSection
	GlobalSection(SolutionProperties) = preSolution
		HideSolutionNode = FALSE
	EndGlobalSection
	GlobalSection(ExtensibilityGlobals) = postSolution
		SolutionGuid = {AE9FC6EE-E395-463F-B39D-FB3605143679}
	EndGlobalSection
EndGlobal
