
Microsoft Visual Studio Solution File, Format Version 12.00
# Visual Studio 15
VisualStudioVersion = 15.0.28010.2050
MinimumVisualStudioVersion = 10.0.40219.1
Project("{FAE04EC0-301F-11D3-BF4B-00C04F79EFBC}") = "opdracht 3.8", "opdracht 3.8\opdracht 3.8.csproj", "{4D3DB692-3344-42D0-87F1-D36B8AB11AE4}"
EndProject
Project("{FAE04EC0-301F-11D3-BF4B-00C04F79EFBC}") = "opdracht 3.10", "..\..\opdracht 3.10\ConsoleApp1\opdracht 3.10.csproj", "{D1BB4D45-4473-4550-BA0F-B7ED5E40A24D}"
EndProject
Global
	GlobalSection(SolutionConfigurationPlatforms) = preSolution
		Debug|Any CPU = Debug|Any CPU
		Release|Any CPU = Release|Any CPU
	EndGlobalSection
	GlobalSection(ProjectConfigurationPlatforms) = postSolution
		{4D3DB692-3344-42D0-87F1-D36B8AB11AE4}.Debug|Any CPU.ActiveCfg = Debug|Any CPU
		{4D3DB692-3344-42D0-87F1-D36B8AB11AE4}.Debug|Any CPU.Build.0 = Debug|Any CPU
		{4D3DB692-3344-42D0-87F1-D36B8AB11AE4}.Release|Any CPU.ActiveCfg = Release|Any CPU
		{4D3DB692-3344-42D0-87F1-D36B8AB11AE4}.Release|Any CPU.Build.0 = Release|Any CPU
		{D1BB4D45-4473-4550-BA0F-B7ED5E40A24D}.Debug|Any CPU.ActiveCfg = Debug|Any CPU
		{D1BB4D45-4473-4550-BA0F-B7ED5E40A24D}.Debug|Any CPU.Build.0 = Debug|Any CPU
		{D1BB4D45-4473-4550-BA0F-B7ED5E40A24D}.Release|Any CPU.ActiveCfg = Release|Any CPU
		{D1BB4D45-4473-4550-BA0F-B7ED5E40A24D}.Release|Any CPU.Build.0 = Release|Any CPU
	EndGlobalSection
	GlobalSection(SolutionProperties) = preSolution
		HideSolutionNode = FALSE
	EndGlobalSection
	GlobalSection(ExtensibilityGlobals) = postSolution
		SolutionGuid = {CECDA66E-2DDB-4634-9645-03C8C167D560}
	EndGlobalSection
EndGlobal
