
Microsoft Visual Studio Solution File, Format Version 12.00
# Visual Studio 15
VisualStudioVersion = 15.0.28010.2050
MinimumVisualStudioVersion = 10.0.40219.1
Project("{FAE04EC0-301F-11D3-BF4B-00C04F79EFBC}") = "opdracht 3.3", "opdracht 3.3\opdracht 3.3\opdracht 3.3.csproj", "{639056C5-8696-4A70-A6E8-BBA69DCB9459}"
EndProject
Global
	GlobalSection(SolutionConfigurationPlatforms) = preSolution
		Debug|Any CPU = Debug|Any CPU
		Release|Any CPU = Release|Any CPU
	EndGlobalSection
	GlobalSection(ProjectConfigurationPlatforms) = postSolution
		{639056C5-8696-4A70-A6E8-BBA69DCB9459}.Debug|Any CPU.ActiveCfg = Debug|Any CPU
		{639056C5-8696-4A70-A6E8-BBA69DCB9459}.Debug|Any CPU.Build.0 = Debug|Any CPU
		{639056C5-8696-4A70-A6E8-BBA69DCB9459}.Release|Any CPU.ActiveCfg = Release|Any CPU
		{639056C5-8696-4A70-A6E8-BBA69DCB9459}.Release|Any CPU.Build.0 = Release|Any CPU
	EndGlobalSection
	GlobalSection(SolutionProperties) = preSolution
		HideSolutionNode = FALSE
	EndGlobalSection
	GlobalSection(ExtensibilityGlobals) = postSolution
		SolutionGuid = {030D4F99-7CF3-4BAE-AA5D-993BFAD2AB6A}
	EndGlobalSection
EndGlobal
